
Microsoft Visual Studio Solution File, Format Version 12.00
# Visual Studio Version 17
VisualStudioVersion = 17.9.34714.143
MinimumVisualStudioVersion = 10.0.40219.1
Project("{FAE04EC0-301F-11D3-BF4B-00C04F79EFBC}") = "LastTraining", "LastTraining\LastTraining.csproj", "{3DCD06C6-2C80-44DB-80A0-C3B8D3BCA5D1}"
EndProject
Global
	GlobalSection(SolutionConfigurationPlatforms) = preSolution
		Debug|Any CPU = Debug|Any CPU
		Release|Any CPU = Release|Any CPU
	EndGlobalSection
	GlobalSection(ProjectConfigurationPlatforms) = postSolution
		{3DCD06C6-2C80-44DB-80A0-C3B8D3BCA5D1}.Debug|Any CPU.ActiveCfg = Debug|Any CPU
		{3DCD06C6-2C80-44DB-80A0-C3B8D3BCA5D1}.Debug|Any CPU.Build.0 = Debug|Any CPU
		{3DCD06C6-2C80-44DB-80A0-C3B8D3BCA5D1}.Release|Any CPU.ActiveCfg = Release|Any CPU
		{3DCD06C6-2C80-44DB-80A0-C3B8D3BCA5D1}.Release|Any CPU.Build.0 = Release|Any CPU
	EndGlobalSection
	GlobalSection(SolutionProperties) = preSolution
		HideSolutionNode = FALSE
	EndGlobalSection
	GlobalSection(ExtensibilityGlobals) = postSolution
		SolutionGuid = {F57EDAF1-DD06-4B62-9D18-0374681A7284}
	EndGlobalSection
EndGlobal
